
Microsoft Visual Studio Solution File, Format Version 12.00
# Visual Studio 15
VisualStudioVersion = 15.0.28307.960
MinimumVisualStudioVersion = 10.0.40219.1
Project("{8BC9CEB8-8B4A-11D0-8D11-00A0C91BC942}") = "completion port", "completion port\completion port.vcxproj", "{FFAE251C-62DF-423B-A65A-D2B9CFF67209}"
EndProject
Global
	GlobalSection(SolutionConfigurationPlatforms) = preSolution
		Debug|x64 = Debug|x64
		Debug|x86 = Debug|x86
		Release|x64 = Release|x64
		Release|x86 = Release|x86
	EndGlobalSection
	GlobalSection(ProjectConfigurationPlatforms) = postSolution
		{FFAE251C-62DF-423B-A65A-D2B9CFF67209}.Debug|x64.ActiveCfg = Debug|x64
		{FFAE251C-62DF-423B-A65A-D2B9CFF67209}.Debug|x64.Build.0 = Debug|x64
		{FFAE251C-62DF-423B-A65A-D2B9CFF67209}.Debug|x86.ActiveCfg = Debug|Win32
		{FFAE251C-62DF-423B-A65A-D2B9CFF67209}.Debug|x86.Build.0 = Debug|Win32
		{FFAE251C-62DF-423B-A65A-D2B9CFF67209}.Release|x64.ActiveCfg = Release|x64
		{FFAE251C-62DF-423B-A65A-D2B9CFF67209}.Release|x64.Build.0 = Release|x64
		{FFAE251C-62DF-423B-A65A-D2B9CFF67209}.Release|x86.ActiveCfg = Release|Win32
		{FFAE251C-62DF-423B-A65A-D2B9CFF67209}.Release|x86.Build.0 = Release|Win32
	EndGlobalSection
	GlobalSection(SolutionProperties) = preSolution
		HideSolutionNode = FALSE
	EndGlobalSection
	GlobalSection(ExtensibilityGlobals) = postSolution
		SolutionGuid = {4890B9A5-7AFF-4F53-87C4-6EA99CC161F0}
	EndGlobalSection
EndGlobal
